<?xml version="1.0" encoding="utf-8"?>
<Project ToolsVersion="4.0" xmlns="http://schemas.microsoft.com/developer/msbuild/2003">
  <ItemGroup>
    <ClCompile Include="Engine\BehaviourScript.cpp" />
    <ClCompile Include="Engine\Application.cpp" />
    <ClCompile Include="Engine\Scene\Scene.cpp" />
    <ClCompile Include="Engine\Scene\SceneManager.cpp" />
    <ClCompile Include="Engine\Core\Math\Point.cpp" />
    <ClCompile Include="Engine\Core\Math\Random.cpp" />
    <ClCompile Include="Engine\Core\Math\Vector2.cpp" />
    <ClCompile Include="Engine\Rendering\Animator.cpp" />
    <ClCompile Include="Engine\Rendering\Sprite.cpp" />
    <ClCompile Include="Engine\Rendering\AnimationSheet.cpp" />
    <ClCompile Include="Engine\Window.cpp" />
    <ClCompile Include="Engine\GameObject.cpp" />
    <ClCompile Include="Engine\UI\Text.cpp" />
    <ClCompile Include="Engine\Input\DeltaInputs.cpp" />
    <ClCompile Include="Engine\Input\InputEventDispatchers.cpp" />
    <ClCompile Include="Engine\Input\InputFacade.cpp" />
    <ClCompile Include="Engine\Input\InputManager.cpp" />
    <ClCompile Include="Engine\Audio\AudioManager.cpp" />
    <ClCompile Include="Engine\Audio\SFXSource.cpp" />
    <ClCompile Include="Engine\Audio\MusicSource.cpp" />
    <ClCompile Include="Engine\Audio\AudioSource.cpp" />
    <ClCompile Include="Engine\Audio\AudioLoader.cpp" />
    <ClCompile Include="Engine\Physics\PhysicsWorld.cpp" />
    <ClCompile Include="Engine\Rendering\Renderables\Renderable.cpp" />
    <ClCompile Include="Engine\UI\Image.cpp" />
    <ClCompile Include="Engine\UI\Button.cpp" />
    <ClCompile Include="Engine\Core\Math\MathUtils.cpp" />
    <ClCompile Include="Engine\Core\Time.cpp" />
    <ClCompile Include="Engine\Rendering\ResourceManager.cpp" />
    <ClCompile Include="Engine\Rendering\TextureManager.cpp" />
    <ClCompile Include="Engine\Rendering\Renderables\TextRenderable.cpp" />
    <ClCompile Include="Engine\Rendering\Renderables\SpriteRenderable.cpp" />
    <ClCompile Include="Engine\UI\FontManager.cpp" />
    <ClCompile Include="Engine\UI\Brush\BrushSprite.hpp" />
    <ClCompile Include="Engine\Core\Strings\StringUtils.cpp" />
  </ItemGroup>
  <ItemGroup>
    <ClInclude Include="Engine\Systems\PhysicsSystem.hpp" />
    <ClInclude Include="Engine\Systems\CollisionSystem.hpp" />
    <ClInclude Include="Engine\Physics\Rigidbody.hpp" />
    <ClInclude Include="Engine\Physics\Collider.hpp" />
    <ClInclude Include="Engine\Physics\BoxCollider.hpp" />
    <ClInclude Include="Engine\Physics\CircleCollider.hpp" />
    <ClInclude Include="Engine\Physics\PhysicsWorld.hpp" />
    <ClInclude Include="Engine\Physics\Physics.hpp" />
    <ClInclude Include="Engine\BehaviourScript.hpp" />
    <ClInclude Include="Engine\Application.hpp" />
    <ClInclude Include="Engine\Core\Events\Event.hpp" />
    <ClInclude Include="Engine\Core\Events\EventDispatcher.hpp" />
    <ClInclude Include="Engine\Core\Events\ExampleEvent.hpp" />
    <ClInclude Include="Engine\Core\Math\Point.hpp" />
    <ClInclude Include="Engine\Core\Math\Random.hpp" />
    <ClInclude Include="Engine\Core\Math\Vector2.hpp" />
    <ClInclude Include="Engine\Delta.hpp" />
    <ClInclude Include="Engine\Rendering\Animator.hpp" />
    <ClInclude Include="Engine\Rendering\Direction.hpp" />
    <ClInclude Include="Engine\Rendering\Rendering.hpp" />
    <ClInclude Include="Engine\Rendering\Sprite.hpp" />
    <ClInclude Include="Engine\Rendering\AnimationSheet.hpp" />
    <ClInclude Include="Engine\Rendering\Viewport.hpp" />
    <ClInclude Include="Engine\Scene\Scene.hpp" />
    <ClInclude Include="Engine\Scene\SceneManager.hpp" />
    <ClInclude Include="Engine\Systems\RenderSystem.hpp" />
    <ClInclude Include="Engine\Systems\UpdateSystem.hpp" />
    <ClInclude Include="Engine\Temp\TempBehaviour.hpp" />
    <ClInclude Include="Engine\Transform.hpp" />
    <ClInclude Include="Engine\Window.hpp" />
    <ClInclude Include="Engine\Ecs\Registry.hpp" />
    <ClInclude Include="Engine\GameObject.hpp" />
    <ClInclude Include="Engine\UI\Text.hpp" />
    <ClInclude Include="Engine\UI\Font.hpp" />
    <ClInclude Include="Engine\Input\DeltaInputs.hpp" />
    <ClInclude Include="Engine\Input\InputEventDispatchers.hpp" />
    <ClInclude Include="Engine\Input\InputFacade.hpp" />
    <ClInclude Include="Engine\Input\InputManager.hpp" />
    <ClInclude Include="Engine\Audio\SFXSource.hpp" />
    <ClInclude Include="Engine\Audio\MusicSource.hpp" />
    <ClInclude Include="Engine\Audio\AudioSource.hpp" />
    <ClInclude Include="Engine\Audio\AudioLoader.hpp" />
    <ClInclude Include="Engine\Audio\AudioManager.hpp" />
    <ClInclude Include="Engine\MemLeakDetection\MemLeakDetection.hpp" />
    <ClInclude Include="Engine\Temp\TempAudio.hpp" />
    <ClInclude Include="Engine\Delta.hpp" />
    <ClInclude Include="Engine\Temp\TempBehaviour.hpp" />
    <ClInclude Include="Engine\Rendering\Camera.hpp" />
    <ClInclude Include="Engine\UI\Panel.hpp" />
    <ClInclude Include="Engine\UI\Image.hpp" />
    <ClInclude Include="Engine\Rendering\Renderables\Renderable.hpp" />
    <ClInclude Include="Engine\Systems\ImageRenderSystem.hpp" />
    <ClInclude Include="Engine\UI\Button.hpp" />
    <ClInclude Include="Engine\Systems\TextRenderSystem.hpp" />
    <ClInclude Include="Engine\Core\Files\JSONFileHandler.hpp" />
    <ClInclude Include="Engine\Core\Files\FileHandlerFactory.hpp" />
    <ClInclude Include="Engine\Core\Files\FileManager.hpp" />
    <ClInclude Include="Engine\Core\Files\IFileHandler.hpp" />
    <ClInclude Include="Engine\Core\Files\Json.hpp" />
    <ClInclude Include="Engine\Rendering\Layer.hpp" />
    <ClInclude Include="Engine\Core\Math\MathUtils.hpp" />
    <ClInclude Include="Engine\Core\Time.hpp" />
    <ClInclude Include="Engine\Rendering\SpriteMap.hpp" />
    <ClInclude Include="Engine\Rendering\SpriteData.hpp" />
    <ClInclude Include="Engine\Rendering\ResourceManager.hpp" />
    <ClInclude Include="Engine\Rendering\TextureManager.hpp" />
    <ClInclude Include="Engine\Systems\DespawnSystem.hpp" />
    <ClInclude Include="Engine\Core\Despawner.hpp" />
    <ClInclude Include="Engine\Rendering\Renderables\TextRenderable.hpp" />
    <ClInclude Include="Engine\Rendering\Renderables\SpriteRenderable.hpp" />
    <ClInclude Include="Engine\Core\Files\DTO\TransformDTO.hpp" />
    <ClInclude Include="Engine\UI\FontManager.hpp" />
    <ClInclude Include="Engine\UI\Brush\SnapToGridBrush.hpp" />
    <ClInclude Include="Engine\Core\Math\Math.hpp" />
    <ClInclude Include="Engine\Ecs\View.hpp" />
    <ClInclude Include="Engine\UI\Scrollable.hpp" />
    <ClInclude Include="Engine\Core\Strings\StringUtils.hpp" />
  </ItemGroup>
  <ItemGroup>
    <Image Include="Assets\Textures\spritesheet.png" />
    <Image Include="Assets\Textures\spritesheet2.png" />
    <Image Include="Assets\Textures\spritesheet3.png" />
  </ItemGroup>
  <ItemGroup>
    <None Include="Diagrams\Singleton.cd" />
    <None Include="Diagrams\Facade.cd" />
  </ItemGroup>
</Project>