<?xml version="1.0" encoding="utf-8"?>
<Project ToolsVersion="4.0" xmlns="http://schemas.microsoft.com/developer/msbuild/2003">
  <ItemGroup>
    <ClCompile Include="src\Scripts\InputTest.cpp" />
    <ClCompile Include="src\Main.cpp" />
    <ClCompile Include="src\Scenes\GameScene.cpp" />
    <ClCompile Include="src\Scenes\MainMenuScene.cpp" />
    <ClCompile Include="src\scripts\MainMenuBehaviour.cpp" />
    <ClCompile Include="src\Scripts\PlayerBehaviour.cpp" />
    <ClCompile Include="src\ValidationApp.cpp" />
    <ClCompile Include="src\Items\Item.cpp" />
    <ClCompile Include="src\Inventory\Inventory.cpp" />
    <ClCompile Include="src\Inventory\InventoryItem.cpp" />
    <ClCompile Include="src\Items\Potions\HealingPotion.cpp" />
    <ClCompile Include="src\Items\Potions\DefensePotion.cpp" />
    <ClCompile Include="src\Items\Potions\AttackUpPotion.cpp" />
    <ClCompile Include="src\Items\Potions\SpeedPotion.cpp" />
    <ClCompile Include="src\Player.cpp" />
    <ClCompile Include="src\Scripts\Boomerang.cpp" />
    <ClCompile Include="src\Views\IView.cpp" />
    <ClCompile Include="src\Views\MenuView.cpp" />
    <ClCompile Include="src\Scripts\EnemyBehaviour.cpp" />
    <ClCompile Include="src\Classes\Projectiles\Projectile.cpp" />
    <ClCompile Include="src\Views\HUDView.cpp" />
    <ClCompile Include="src\Views\Components\HotbarComponent.cpp" />
    <ClCompile Include="src\Views\Components\CoinsComponent.cpp" />
    <ClCompile Include="src\Views\Components\GameSpeed.cpp" />
    <ClCompile Include="src\Views\Components\HealthComponent.cpp" />
  </ItemGroup>
  <ItemGroup>
    <ClInclude Include="src\Scenes\InputTestScene.hpp" />
    <ClInclude Include="src\Scripts\InputTest.hpp" />
    <ClInclude Include="src\Scenes\GameScene.hpp" />
    <ClInclude Include="src\Scenes\MainMenuScene.hpp" />
    <ClInclude Include="src\Scenes\PhysicsScene.hpp" />
    <ClInclude Include="src\Scripts\MainMenuBehaviour.hpp" />
    <ClInclude Include="src\Scripts\PhysicsBehaviour.hpp" />
    <ClInclude Include="src\Scripts\PlayerBehaviour.hpp" />
    <ClInclude Include="src\Scripts\TempAudio.hpp" />
    <ClInclude Include="src\Scripts\TempBehaviour.hpp" />
    <ClInclude Include="src\ValidationApp.hpp" />
    <ClInclude Include="src\Items\Item.hpp" />
    <ClInclude Include="src\Items\WorldItem.hpp" />
    <ClInclude Include="src\Inventory\Inventory.hpp" />
    <ClInclude Include="src\Inventory\InventoryItem.hpp" />
    <ClInclude Include="src\Items\Potions\Potion.hpp" />
    <ClInclude Include="src\Items\Potions\HealingPotion.hpp" />
    <ClInclude Include="src\Items\Potions\DefensePotion.hpp" />
    <ClInclude Include="src\Items\Potions\AttackUpPotion.hpp" />
    <ClInclude Include="src\Items\Potions\SpeedPotion.hpp" />
    <ClInclude Include="src\Scenes\FileScene.hpp" />
    <ClInclude Include="src\Scenes\SwitchTestScene.hpp" />
    <ClInclude Include="src\Player.hpp" />
    <ClInclude Include="src\Scenes\LayerScene.hpp" />
    <ClInclude Include="src\Classes\FloorBehaviour.hpp" />
    <ClInclude Include="src\Classes\PlayerInput.hpp" />
    <ClInclude Include="src\Classes\DamageBehaviour.hpp" />
    <ClInclude Include="src\Scripts\Boomerang.hpp" />
    <ClInclude Include="src\Scripts\MouseFollowBehaviour.hpp" />
    <ClInclude Include="src\Views\IView.hpp" />
    <ClInclude Include="src\Views\MenuView.hpp" />
    <ClInclude Include="src\Scenes\DevScene.hpp" />
    <ClInclude Include="src\Scenes\LevelEditor.hpp" />
    <ClInclude Include="src\Scripts\EnemyBehaviour.hpp" />
    <ClInclude Include="src\Classes\PickUpBehaviour.hpp" />
    <ClInclude Include="src\Classes\Weapons\Gun.hpp" />
    <ClInclude Include="src\Classes\Weapons\Bow.hpp" />
    <ClInclude Include="src\Classes\Weapons\Weapon.hpp" />
    <ClInclude Include="src\Classes\Projectiles\Projectile.hpp" />
    <ClInclude Include="src\Scripts\DummyBehaviour.hpp" />
    <ClInclude Include="src\Items\Potions\PotionFactory.hpp" />
    <ClInclude Include="src\Views\HUDView.hpp" />
    <ClInclude Include="src\Views\Components\HotbarComponent.hpp" />
    <ClInclude Include="src\Views\Components\CoinsComponent.hpp" />
    <ClInclude Include="src\Views\Components\GameSpeed.hpp" />
    <ClInclude Include="src\Views\Components\HealthComponent.hpp" />
  </ItemGroup>
  <ItemGroup>
    <Media Include="Assets\Audio\SFX\eating.mp3" />
    <Media Include="Assets\Audio\SFX\Explosion.mp3" />
    <Media Include="Assets\Audio\SFX\Death.mp3" />
    <Media Include="Assets\Audio\SFX\NPC.mp3" />
    <Media Include="Assets\Audio\SFX\Button_1.mp3" />
    <Media Include="Assets\Audio\SFX\Button_2.mp3" />
    <Media Include="Assets\Audio\SFX\Button_3.mp3" />
    <Media Include="Assets\Audio\SFX\boomerang.mp3" />
    <Media Include="Assets\Audio\Music\Intro_Theme.mp3" />
  </ItemGroup>
  <ItemGroup>
    <Image Include="Assets\Textures\player.png" />
    <Image Include="Assets\Textures\spritesheet - Copy.png" />
    <Image Include="Assets\Textures\spritesheet.png" />
    <Image Include="Assets\Textures\spritesheet2.png" />
    <Image Include="Assets\Textures\spritesheet3.png" />
    <Image Include="Assets\Textures\square.png" />
    <Image Include="Assets\Textures\default_texture.png" />
    <Image Include="Assets\Textures\floor_map.png" />
    <Image Include="Assets\Textures\wall_map.png" />
    <Image Include="Assets\Textures\Weapons\boomerang.png" />
    <Image Include="Assets\Textures\UI\Background\main_menu_bg.png" />
    <Image Include="Assets\Textures\UI\Buttons\scroll.png" />
    <Image Include="Assets\Textures\UI\Buttons\scroll2.png" />
    <Image Include="Assets\Textures\UI\Buttons\scroll3.png" />
    <Image Include="Assets\Textures\Weapons\bullet.png" />
    <Image Include="Assets\Textures\Weapons\arrow.png" />
    <Image Include="Assets\Textures\HUD\health_bar.png" />
    <Image Include="Assets\Textures\HUD\bar.png" />
    <Image Include="Assets\Textures\HUD\gold_coin.png" />
    <Image Include="Assets\Textures\HUD\bar_frame.png" />
    <Image Include="Assets\Textures\HUD\hotbar_slot.png" />
    <Image Include="Assets\Textures\Items\potions\potion_effervescent.png" />
    <Image Include="Assets\Textures\Items\potions\cyan.png" />
  </ItemGroup>
  <ItemGroup>
    <CopyFileToFolders Include="DLLs\SDL2.dll" />
    <CopyFileToFolders Include="DLLs\SDL2_image.dll" />
    <CopyFileToFolders Include="DLLs\SDL2_mixer.dll" />
    <CopyFileToFolders Include="DLLs\SDL2_ttf.dll" />
  </ItemGroup>
  <ItemGroup>
    <None Include="Assets\Files\example.json" />
    <Font Include="Assets\Fonts\alucrads.otf" />
  </ItemGroup>
  <ItemGroup>
    <Font Include="Assets\Fonts\knight_warrior.otf" />
    <Font Include="Assets\Fonts\a_goblin_appears.ttf" />
  </ItemGroup>
</Project>