<?xml version="1.0" encoding="utf-8"?>
<Project ToolsVersion="4.0" xmlns="http://schemas.microsoft.com/developer/msbuild/2003">
  <ItemGroup>
    <ClCompile Include="src\Scripts\InputTest.cpp" />
    <ClCompile Include="src\Main.cpp" />
    <ClCompile Include="src\Scenes\GameScene.cpp" />
    <ClCompile Include="src\Scenes\MainMenuScene.cpp" />
    <ClCompile Include="src\scripts\MainMenuBehaviour.cpp" />
    <ClCompile Include="src\Scripts\PlayerBehaviour.cpp" />
    <ClCompile Include="src\ValidationApp.cpp" />
  </ItemGroup>
  <ItemGroup>
    <ClInclude Include="src\Scenes\InputTestScene.hpp" />
    <ClInclude Include="src\Scripts\InputTest.hpp" />
    <ClInclude Include="src\Scenes\GameScene.hpp" />
    <ClInclude Include="src\Scenes\MainMenuScene.hpp" />
    <ClInclude Include="src\Scenes\PhysicsScene.hpp" />
    <ClInclude Include="src\Scripts\MainMenuBehaviour.hpp" />
    <ClInclude Include="src\Scripts\PhysicsBehaviour.hpp" />
    <ClInclude Include="src\Scripts\PlayerBehaviour.hpp" />
    <ClInclude Include="src\Scripts\TempAudio.hpp" />
    <ClInclude Include="src\Scripts\TempBehaviour.hpp" />
    <ClInclude Include="src\ValidationApp.hpp" />
    <ClInclude Include="src\Scenes\SwitchTestScene.hpp" />
  </ItemGroup>
  <ItemGroup>
    <Media Include="Assets\Audio\Music\theme1.mp3" />
    <Media Include="Assets\Audio\SFX\creeper_explosion.mp3" />
    <Media Include="Assets\Audio\SFX\eating.mp3" />
    <Media Include="Assets\Audio\SFX\take_damage1.mp3" />
    <Media Include="Assets\Audio\SFX\villager1.mp3" />
  </ItemGroup>
  <ItemGroup>
    <Image Include="Assets\Textures\player.png" />
    <Image Include="Assets\Textures\spritesheet - Copy.png" />
    <Image Include="Assets\Textures\spritesheet.png" />
    <Image Include="Assets\Textures\spritesheet2.png" />
    <Image Include="Assets\Textures\spritesheet3.png" />
  </ItemGroup>
  <ItemGroup>
    <CopyFileToFolders Include="DLLs\SDL2.dll" />
    <CopyFileToFolders Include="DLLs\SDL2_image.dll" />
    <CopyFileToFolders Include="DLLs\SDL2_mixer.dll" />
    <CopyFileToFolders Include="DLLs\SDL2_ttf.dll" />
  </ItemGroup>
</Project>